
Microsoft Visual Studio Solution File, Format Version 12.00
# Visual Studio Version 17
VisualStudioVersion = 17.2.32630.192
MinimumVisualStudioVersion = 10.0.40219.1
Project("{FAE04EC0-301F-11D3-BF4B-00C04F79EFBC}") = "KoreanSecrets.API", "KoreanSecrets.API\KoreanSecrets.API.csproj", "{911C2935-8993-40B5-A6FC-66A9158CB131}"
EndProject
Project("{FAE04EC0-301F-11D3-BF4B-00C04F79EFBC}") = "KoreanSecrets.Domain", "KoreanSecrets.Domain\KoreanSecrets.Domain.csproj", "{B4A9B756-E62D-410A-B983-F77BD2F941A4}"
EndProject
Global
	GlobalSection(SolutionConfigurationPlatforms) = preSolution
		Debug|Any CPU = Debug|Any CPU
		Release|Any CPU = Release|Any CPU
	EndGlobalSection
	GlobalSection(ProjectConfigurationPlatforms) = postSolution
		{911C2935-8993-40B5-A6FC-66A9158CB131}.Debug|Any CPU.ActiveCfg = Debug|Any CPU
		{911C2935-8993-40B5-A6FC-66A9158CB131}.Debug|Any CPU.Build.0 = Debug|Any CPU
		{911C2935-8993-40B5-A6FC-66A9158CB131}.Release|Any CPU.ActiveCfg = Release|Any CPU
		{911C2935-8993-40B5-A6FC-66A9158CB131}.Release|Any CPU.Build.0 = Release|Any CPU
		{B4A9B756-E62D-410A-B983-F77BD2F941A4}.Debug|Any CPU.ActiveCfg = Debug|Any CPU
		{B4A9B756-E62D-410A-B983-F77BD2F941A4}.Debug|Any CPU.Build.0 = Debug|Any CPU
		{B4A9B756-E62D-410A-B983-F77BD2F941A4}.Release|Any CPU.ActiveCfg = Release|Any CPU
		{B4A9B756-E62D-410A-B983-F77BD2F941A4}.Release|Any CPU.Build.0 = Release|Any CPU
	EndGlobalSection
	GlobalSection(SolutionProperties) = preSolution
		HideSolutionNode = FALSE
	EndGlobalSection
	GlobalSection(ExtensibilityGlobals) = postSolution
		SolutionGuid = {8AD72CA9-3BE3-4114-A4B2-EBD0A9254373}
	EndGlobalSection
EndGlobal
